// !$*UTF8*$!
{
	archiveVersion = 1;
	classes = {
	};
	objectVersion = 46;
	objects = {

/* Begin PBXBuildFile section */
		9A77DE641F63175A00AC7FBD /* AppDelegate.swift in Sources */ = {isa = PBXBuildFile; fileRef = 9A77DE631F63175A00AC7FBD /* AppDelegate.swift */; };
		9A77DE661F63175A00AC7FBD /* ViewController.swift in Sources */ = {isa = PBXBuildFile; fileRef = 9A77DE651F63175A00AC7FBD /* ViewController.swift */; };
		9A77DE691F63175A00AC7FBD /* Main.storyboard in Resources */ = {isa = PBXBuildFile; fileRef = 9A77DE671F63175A00AC7FBD /* Main.storyboard */; };
		9A77DE6B1F63175A00AC7FBD /* Assets.xcassets in Resources */ = {isa = PBXBuildFile; fileRef = 9A77DE6A1F63175A00AC7FBD /* Assets.xcassets */; };
		9A77DE6E1F63175A00AC7FBD /* LaunchScreen.storyboard in Resources */ = {isa = PBXBuildFile; fileRef = 9A77DE6C1F63175A00AC7FBD /* LaunchScreen.storyboard */; };
		9A77DE791F63175A00AC7FBD /* My_First_AppTests.swift in Sources */ = {isa = PBXBuildFile; fileRef = 9A77DE781F63175A00AC7FBD /* My_First_AppTests.swift */; };
		9A77DE841F63175A00AC7FBD /* My_First_AppUITests.swift in Sources */ = {isa = PBXBuildFile; fileRef = 9A77DE831F63175A00AC7FBD /* My_First_AppUITests.swift */; };
/* End PBXBuildFile section */

/* Begin PBXContainerItemProxy section */
		9A77DE751F63175A00AC7FBD /* PBXContainerItemProxy */ = {
			isa = PBXContainerItemProxy;
			containerPortal = 9A77DE581F63175A00AC7FBD /* Project object */;
			proxyType = 1;
			remoteGlobalIDString = 9A77DE5F1F63175A00AC7FBD;
			remoteInfo = "My First App";
		};
		9A77DE801F63175A00AC7FBD /* PBXContainerItemProxy */ = {
			isa = PBXContainerItemProxy;
			containerPortal = 9A77DE581F63175A00AC7FBD /* Project object */;
			proxyType = 1;
			remoteGlobalIDString = 9A77DE5F1F63175A00AC7FBD;
			remoteInfo = "My First App";
		};
/* End PBXContainerItemProxy section */

/* Begin PBXFileReference section */
		9A77DE601F63175A00AC7FBD /* My First App.app */ = {isa = PBXFileReference; explicitFileType = wrapper.application; includeInIndex = 0; path = "My First App.app"; sourceTree = BUILT_PRODUCTS_DIR; };
		9A77DE631F63175A00AC7FBD /* AppDelegate.swift */ = {isa = PBXFileReference; lastKnownFileType = sourcecode.swift; path = AppDelegate.swift; sourceTree = "<group>"; };
		9A77DE651F63175A00AC7FBD /* ViewController.swift */ = {isa = PBXFileReference; lastKnownFileType = sourcecode.swift; path = ViewController.swift; sourceTree = "<group>"; };
		9A77DE681F63175A00AC7FBD /* Base */ = {isa = PBXFileReference; lastKnownFileType = file.storyboard; name = Base; path = Base.lproj/Main.storyboard; sourceTree = "<group>"; };
		9A77DE6A1F63175A00AC7FBD /* Assets.xcassets */ = {isa = PBXFileReference; lastKnownFileType = folder.assetcatalog; path = Assets.xcassets; sourceTree = "<group>"; };
		9A77DE6D1F63175A00AC7FBD /* Base */ = {isa = PBXFileReference; lastKnownFileType = file.storyboard; name = Base; path = Base.lproj/LaunchScreen.storyboard; sourceTree = "<group>"; };
		9A77DE6F1F63175A00AC7FBD /* Info.plist */ = {isa = PBXFileReference; lastKnownFileType = text.plist.xml; path = Info.plist; sourceTree = "<group>"; };
		9A77DE741F63175A00AC7FBD /* My First AppTests.xctest */ = {isa = PBXFileReference; explicitFileType = wrapper.cfbundle; includeInIndex = 0; path = "My First AppTests.xctest"; sourceTree = BUILT_PRODUCTS_DIR; };
		9A77DE781F63175A00AC7FBD /* My_First_AppTests.swift */ = {isa = PBXFileReference; lastKnownFileType = sourcecode.swift; path = My_First_AppTests.swift; sourceTree = "<group>"; };
		9A77DE7A1F63175A00AC7FBD /* Info.plist */ = {isa = PBXFileReference; lastKnownFileType = text.plist.xml; path = Info.plist; sourceTree = "<group>"; };
		9A77DE7F1F63175A00AC7FBD /* My First AppUITests.xctest */ = {isa = PBXFileReference; explicitFileType = wrapper.cfbundle; includeInIndex = 0; path = "My First AppUITests.xctest"; sourceTree = BUILT_PRODUCTS_DIR; };
		9A77DE831F63175A00AC7FBD /* My_First_AppUITests.swift */ = {isa = PBXFileReference; lastKnownFileType = sourcecode.swift; path = My_First_AppUITests.swift; sourceTree = "<group>"; };
		9A77DE851F63175A00AC7FBD /* Info.plist */ = {isa = PBXFileReference; lastKnownFileType = text.plist.xml; path = Info.plist; sourceTree = "<group>"; };
/* End PBXFileReference section */

/* Begin PBXFrameworksBuildPhase section */
		9A77DE5D1F63175A00AC7FBD /* Frameworks */ = {
			isa = PBXFrameworksBuildPhase;
			buildActionMask = 2147483647;
			files = (
			);
			runOnlyForDeploymentPostprocessing = 0;
		};
		9A77DE711F63175A00AC7FBD /* Frameworks */ = {
			isa = PBXFrameworksBuildPhase;
			buildActionMask = 2147483647;
			files = (
			);
			runOnlyForDeploymentPostprocessing = 0;
		};
		9A77DE7C1F63175A00AC7FBD /* Frameworks */ = {
			isa = PBXFrameworksBuildPhase;
			buildActionMask = 2147483647;
			files = (
			);
			runOnlyForDeploymentPostprocessing = 0;
		};
/* End PBXFrameworksBuildPhase section */

/* Begin PBXGroup section */
		9A77DE571F63175A00AC7FBD = {
			isa = PBXGroup;
			children = (
				9A77DE621F63175A00AC7FBD /* My First App */,
				9A77DE771F63175A00AC7FBD /* My First AppTests */,
				9A77DE821F63175A00AC7FBD /* My First AppUITests */,
				9A77DE611F63175A00AC7FBD /* Products */,
			);
			sourceTree = "<group>";
		};
		9A77DE611F63175A00AC7FBD /* Products */ = {
			isa = PBXGroup;
			children = (
				9A77DE601F63175A00AC7FBD /* My First App.app */,
				9A77DE741F63175A00AC7FBD /* My First AppTests.xctest */,
				9A77DE7F1F63175A00AC7FBD /* My First AppUITests.xctest */,
			);
			name = Products;
			sourceTree = "<group>";
		};
		9A77DE621F63175A00AC7FBD /* My First App */ = {
			isa = PBXGroup;
			children = (
				9A77DE631F63175A00AC7FBD /* AppDelegate.swift */,
				9A77DE651F63175A00AC7FBD /* ViewController.swift */,
				9A77DE671F63175A00AC7FBD /* Main.storyboard */,
				9A77DE6A1F63175A00AC7FBD /* Assets.xcassets */,
				9A77DE6C1F63175A00AC7FBD /* LaunchScreen.storyboard */,
				9A77DE6F1F63175A00AC7FBD /* Info.plist */,
			);
			path = "My First App";
			sourceTree = "<group>";
		};
		9A77DE771F63175A00AC7FBD /* My First AppTests */ = {
			isa = PBXGroup;
			children = (
				9A77DE781F63175A00AC7FBD /* My_First_AppTests.swift */,
				9A77DE7A1F63175A00AC7FBD /* Info.plist */,
			);
			path = "My First AppTests";
			sourceTree = "<group>";
		};
		9A77DE821F63175A00AC7FBD /* My First AppUITests */ = {
			isa = PBXGroup;
			children = (
				9A77DE831F63175A00AC7FBD /* My_First_AppUITests.swift */,
				9A77DE851F63175A00AC7FBD /* Info.plist */,
			);
			path = "My First AppUITests";
			sourceTree = "<group>";
		};
/* End PBXGroup section */

/* Begin PBXNativeTarget section */
		9A77DE5F1F63175A00AC7FBD /* My First App */ = {
			isa = PBXNativeTarget;
			buildConfigurationList = 9A77DE881F63175A00AC7FBD /* Build configuration list for PBXNativeTarget "My First App" */;
			buildPhases = (
				9A77DE5C1F63175A00AC7FBD /* Sources */,
				9A77DE5D1F63175A00AC7FBD /* Frameworks */,
				9A77DE5E1F63175A00AC7FBD /* Resources */,
			);
			buildRules = (
			);
			dependencies = (
			);
			name = "My First App";
			productName = "My First App";
			productReference = 9A77DE601F63175A00AC7FBD /* My First App.app */;
			productType = "com.apple.product-type.application";
		};
		9A77DE731F63175A00AC7FBD /* My First AppTests */ = {
			isa = PBXNativeTarget;
			buildConfigurationList = 9A77DE8B1F63175A00AC7FBD /* Build configuration list for PBXNativeTarget "My First AppTests" */;
			buildPhases = (
				9A77DE701F63175A00AC7FBD /* Sources */,
				9A77DE711F63175A00AC7FBD /* Frameworks */,
				9A77DE721F63175A00AC7FBD /* Resources */,
			);
			buildRules = (
			);
			dependencies = (
				9A77DE761F63175A00AC7FBD /* PBXTargetDependency */,
			);
			name = "My First AppTests";
			productName = "My First AppTests";
			productReference = 9A77DE741F63175A00AC7FBD /* My First AppTests.xctest */;
			productType = "com.apple.product-type.bundle.unit-test";
		};
		9A77DE7E1F63175A00AC7FBD /* My First AppUITests */ = {
			isa = PBXNativeTarget;
			buildConfigurationList = 9A77DE8E1F63175A00AC7FBD /* Build configuration list for PBXNativeTarget "My First AppUITests" */;
			buildPhases = (
				9A77DE7B1F63175A00AC7FBD /* Sources */,
				9A77DE7C1F63175A00AC7FBD /* Frameworks */,
				9A77DE7D1F63175A00AC7FBD /* Resources */,
			);
			buildRules = (
			);
			dependencies = (
				9A77DE811F63175A00AC7FBD /* PBXTargetDependency */,
			);
			name = "My First AppUITests";
			productName = "My First AppUITests";
			productReference = 9A77DE7F1F63175A00AC7FBD /* My First AppUITests.xctest */;
			productType = "com.apple.product-type.bundle.ui-testing";
		};
/* End PBXNativeTarget section */

/* Begin PBXProject section */
		9A77DE581F63175A00AC7FBD /* Project object */ = {
			isa = PBXProject;
			attributes = {
				LastSwiftUpdateCheck = 0830;
				LastUpgradeCheck = 0830;
				ORGANIZATIONNAME = "Camilo Alfonso";
				TargetAttributes = {
					9A77DE5F1F63175A00AC7FBD = {
						CreatedOnToolsVersion = 8.3.3;
						DevelopmentTeam = D8J2KWDHXR;
						ProvisioningStyle = Automatic;
					};
					9A77DE731F63175A00AC7FBD = {
						CreatedOnToolsVersion = 8.3.3;
						DevelopmentTeam = D8J2KWDHXR;
						ProvisioningStyle = Automatic;
						TestTargetID = 9A77DE5F1F63175A00AC7FBD;
					};
					9A77DE7E1F63175A00AC7FBD = {
						CreatedOnToolsVersion = 8.3.3;
						DevelopmentTeam = D8J2KWDHXR;
						ProvisioningStyle = Automatic;
						TestTargetID = 9A77DE5F1F63175A00AC7FBD;
					};
				};
			};
			buildConfigurationList = 9A77DE5B1F63175A00AC7FBD /* Build configuration list for PBXProject "My First App" */;
			compatibilityVersion = "Xcode 3.2";
			developmentRegion = English;
			hasScannedForEncodings = 0;
			knownRegions = (
				en,
				Base,
			);
			mainGroup = 9A77DE571F63175A00AC7FBD;
			productRefGroup = 9A77DE611F63175A00AC7FBD /* Products */;
			projectDirPath = "";
			projectRoot = "";
			targets = (
				9A77DE5F1F63175A00AC7FBD /* My First App */,
				9A77DE731F63175A00AC7FBD /* My First AppTests */,
				9A77DE7E1F63175A00AC7FBD /* My First AppUITests */,
			);
		};
/* End PBXProject section */

/* Begin PBXResourcesBuildPhase section */
		9A77DE5E1F63175A00AC7FBD /* Resources */ = {
			isa = PBXResourcesBuildPhase;
			buildActionMask = 2147483647;
			files = (
				9A77DE6E1F63175A00AC7FBD /* LaunchScreen.storyboard in Resources */,
				9A77DE6B1F63175A00AC7FBD /* Assets.xcassets in Resources */,
				9A77DE691F63175A00AC7FBD /* Main.storyboard in Resources */,
			);
			runOnlyForDeploymentPostprocessing = 0;
		};
		9A77DE721F63175A00AC7FBD /* Resources */ = {
			isa = PBXResourcesBuildPhase;
			buildActionMask = 2147483647;
			files = (
			);
			runOnlyForDeploymentPostprocessing = 0;
		};
		9A77DE7D1F63175A00AC7FBD /* Resources */ = {
			isa = PBXResourcesBuildPhase;
			buildActionMask = 2147483647;
			files = (
			);
			runOnlyForDeploymentPostprocessing = 0;
		};
/* End PBXResourcesBuildPhase section */

/* Begin PBXSourcesBuildPhase section */
		9A77DE5C1F63175A00AC7FBD /* Sources */ = {
			isa = PBXSourcesBuildPhase;
			buildActionMask = 2147483647;
			files = (
				9A77DE661F63175A00AC7FBD /* ViewController.swift in Sources */,
				9A77DE641F63175A00AC7FBD /* AppDelegate.swift in Sources */,
			);
			runOnlyForDeploymentPostprocessing = 0;
		};
		9A77DE701F63175A00AC7FBD /* Sources */ = {
			isa = PBXSourcesBuildPhase;
			buildActionMask = 2147483647;
			files = (
				9A77DE791F63175A00AC7FBD /* My_First_AppTests.swift in Sources */,
			);
			runOnlyForDeploymentPostprocessing = 0;
		};
		9A77DE7B1F63175A00AC7FBD /* Sources */ = {
			isa = PBXSourcesBuildPhase;
			buildActionMask = 2147483647;
			files = (
				9A77DE841F63175A00AC7FBD /* My_First_AppUITests.swift in Sources */,
			);
			runOnlyForDeploymentPostprocessing = 0;
		};
/* End PBXSourcesBuildPhase section */

/* Begin PBXTargetDependency section */
		9A77DE761F63175A00AC7FBD /* PBXTargetDependency */ = {
			isa = PBXTargetDependency;
			target = 9A77DE5F1F63175A00AC7FBD /* My First App */;
			targetProxy = 9A77DE751F63175A00AC7FBD /* PBXContainerItemProxy */;
		};
		9A77DE811F63175A00AC7FBD /* PBXTargetDependency */ = {
			isa = PBXTargetDependency;
			target = 9A77DE5F1F63175A00AC7FBD /* My First App */;
			targetProxy = 9A77DE801F63175A00AC7FBD /* PBXContainerItemProxy */;
		};
/* End PBXTargetDependency section */

/* Begin PBXVariantGroup section */
		9A77DE671F63175A00AC7FBD /* Main.storyboard */ = {
			isa = PBXVariantGroup;
			children = (
				9A77DE681F63175A00AC7FBD /* Base */,
			);
			name = Main.storyboard;
			sourceTree = "<group>";
		};
		9A77DE6C1F63175A00AC7FBD /* LaunchScreen.storyboard */ = {
			isa = PBXVariantGroup;
			children = (
				9A77DE6D1F63175A00AC7FBD /* Base */,
			);
			name = LaunchScreen.storyboard;
			sourceTree = "<group>";
		};
/* End PBXVariantGroup section */

/* Begin XCBuildConfiguration section */
		9A77DE861F63175A00AC7FBD /* Debug */ = {
			isa = XCBuildConfiguration;
			buildSettings = {
				ALWAYS_SEARCH_USER_PATHS = NO;
				CLANG_ANALYZER_NONNULL = YES;
				CLANG_ANALYZER_NUMBER_OBJECT_CONVERSION = YES_AGGRESSIVE;
				CLANG_CXX_LANGUAGE_STANDARD = "gnu++0x";
				CLANG_CXX_LIBRARY = "libc++";
				CLANG_ENABLE_MODULES = YES;
				CLANG_ENABLE_OBJC_ARC = YES;
				CLANG_WARN_BOOL_CONVERSION = YES;
				CLANG_WARN_CONSTANT_CONVERSION = YES;
				CLANG_WARN_DIRECT_OBJC_ISA_USAGE = YES_ERROR;
				CLANG_WARN_DOCUMENTATION_COMMENTS = YES;
				CLANG_WARN_EMPTY_BODY = YES;
				CLANG_WARN_ENUM_CONVERSION = YES;
				CLANG_WARN_INFINITE_RECURSION = YES;
				CLANG_WARN_INT_CONVERSION = YES;
				CLANG_WARN_OBJC_ROOT_CLASS = YES_ERROR;
				CLANG_WARN_SUSPICIOUS_MOVE = YES;
				CLANG_WARN_UNREACHABLE_CODE = YES;
				CLANG_WARN__DUPLICATE_METHOD_MATCH = YES;
				"CODE_SIGN_IDENTITY[sdk=iphoneos*]" = "iPhone Developer";
				COPY_PHASE_STRIP = NO;
				DEBUG_INFORMATION_FORMAT = dwarf;
				ENABLE_STRICT_OBJC_MSGSEND = YES;
				ENABLE_TESTABILITY = YES;
				GCC_C_LANGUAGE_STANDARD = gnu99;
				GCC_DYNAMIC_NO_PIC = NO;
				GCC_NO_COMMON_BLOCKS = YES;
				GCC_OPTIMIZATION_LEVEL = 0;
				GCC_PREPROCESSOR_DEFINITIONS = (
					"DEBUG=1",
					"$(inherited)",
				);
				GCC_WARN_64_TO_32_BIT_CONVERSION = YES;
				GCC_WARN_ABOUT_RETURN_TYPE = YES_ERROR;
				GCC_WARN_UNDECLARED_SELECTOR = YES;
				GCC_WARN_UNINITIALIZED_AUTOS = YES_AGGRESSIVE;
				GCC_WARN_UNUSED_FUNCTION = YES;
				GCC_WARN_UNUSED_VARIABLE = YES;
				IPHONEOS_DEPLOYMENT_TARGET = 10.3;
				MTL_ENABLE_DEBUG_INFO = YES;
				ONLY_ACTIVE_ARCH = YES;
				SDKROOT = iphoneos;
				SWIFT_ACTIVE_COMPILATION_CONDITIONS = DEBUG;
				SWIFT_OPTIMIZATION_LEVEL = "-Onone";
				TARGETED_DEVICE_FAMILY = "1,2";
			};
			name = Debug;
		};
		9A77DE871F63175A00AC7FBD /* Release */ = {
			isa = XCBuildConfiguration;
			buildSettings = {
				ALWAYS_SEARCH_USER_PATHS = NO;
				CLANG_ANALYZER_NONNULL = YES;
				CLANG_ANALYZER_NUMBER_OBJECT_CONVERSION = YES_AGGRESSIVE;
				CLANG_CXX_LANGUAGE_STANDARD = "gnu++0x";
				CLANG_CXX_LIBRARY = "libc++";
				CLANG_ENABLE_MODULES = YES;
				CLANG_ENABLE_OBJC_ARC = YES;
				CLANG_WARN_BOOL_CONVERSION = YES;
				CLANG_WARN_CONSTANT_CONVERSION = YES;
				CLANG_WARN_DIRECT_OBJC_ISA_USAGE = YES_ERROR;
				CLANG_WARN_DOCUMENTATION_COMMENTS = YES;
				CLANG_WARN_EMPTY_BODY = YES;
				CLANG_WARN_ENUM_CONVERSION = YES;
				CLANG_WARN_INFINITE_RECURSION = YES;
				CLANG_WARN_INT_CONVERSION = YES;
				CLANG_WARN_OBJC_ROOT_CLASS = YES_ERROR;
				CLANG_WARN_SUSPICIOUS_MOVE = YES;
				CLANG_WARN_UNREACHABLE_CODE = YES;
				CLANG_WARN__DUPLICATE_METHOD_MATCH = YES;
				"CODE_SIGN_IDENTITY[sdk=iphoneos*]" = "iPhone Developer";
				COPY_PHASE_STRIP = NO;
				DEBUG_INFORMATION_FORMAT = "dwarf-with-dsym";
				ENABLE_NS_ASSERTIONS = NO;
				ENABLE_STRICT_OBJC_MSGSEND = YES;
				GCC_C_LANGUAGE_STANDARD = gnu99;
				GCC_NO_COMMON_BLOCKS = YES;
				GCC_WARN_64_TO_32_BIT_CONVERSION = YES;
				GCC_WARN_ABOUT_RETURN_TYPE = YES_ERROR;
				GCC_WARN_UNDECLARED_SELECTOR = YES;
				GCC_WARN_UNINITIALIZED_AUTOS = YES_AGGRESSIVE;
				GCC_WARN_UNUSED_FUNCTION = YES;
				GCC_WARN_UNUSED_VARIABLE = YES;
				IPHONEOS_DEPLOYMENT_TARGET = 10.3;
				MTL_ENABLE_DEBUG_INFO = NO;
				SDKROOT = iphoneos;
				SWIFT_OPTIMIZATION_LEVEL = "-Owholemodule";
				TARGETED_DEVICE_FAMILY = "1,2";
				VALIDATE_PRODUCT = YES;
			};
			name = Release;
		};
		9A77DE891F63175A00AC7FBD /* Debug */ = {
			isa = XCBuildConfiguration;
			buildSettings = {
				ASSETCATALOG_COMPILER_APPICON_NAME = AppIcon;
				DEVELOPMENT_TEAM = D8J2KWDHXR;
				INFOPLIST_FILE = "My First App/Info.plist";
				LD_RUNPATH_SEARCH_PATHS = "$(inherited) @executable_path/Frameworks";
				PRODUCT_BUNDLE_IDENTIFIER = "com.camiloalfonso.My-First-App";
				PRODUCT_NAME = "$(TARGET_NAME)";
				SWIFT_VERSION = 3.0;
			};
			name = Debug;
		};
		9A77DE8A1F63175A00AC7FBD /* Release */ = {
			isa = XCBuildConfiguration;
			buildSettings = {
				ASSETCATALOG_COMPILER_APPICON_NAME = AppIcon;
				DEVELOPMENT_TEAM = D8J2KWDHXR;
				INFOPLIST_FILE = "My First App/Info.plist";
				LD_RUNPATH_SEARCH_PATHS = "$(inherited) @executable_path/Frameworks";
				PRODUCT_BUNDLE_IDENTIFIER = "com.camiloalfonso.My-First-App";
				PRODUCT_NAME = "$(TARGET_NAME)";
				SWIFT_VERSION = 3.0;
			};
			name = Release;
		};
		9A77DE8C1F63175A00AC7FBD /* Debug */ = {
			isa = XCBuildConfiguration;
			buildSettings = {
				ALWAYS_EMBED_SWIFT_STANDARD_LIBRARIES = YES;
				BUNDLE_LOADER = "$(TEST_HOST)";
				DEVELOPMENT_TEAM = D8J2KWDHXR;
				INFOPLIST_FILE = "My First AppTests/Info.plist";
				LD_RUNPATH_SEARCH_PATHS = "$(inherited) @executable_path/Frameworks @loader_path/Frameworks";
				PRODUCT_BUNDLE_IDENTIFIER = "com.camiloalfonso.My-First-AppTests";
				PRODUCT_NAME = "$(TARGET_NAME)";
				SWIFT_VERSION = 3.0;
				TEST_HOST = "$(BUILT_PRODUCTS_DIR)/My First App.app/My First App";
			};
			name = Debug;
		};
		9A77DE8D1F63175A00AC7FBD /* Release */ = {
			isa = XCBuildConfiguration;
			buildSettings = {
				ALWAYS_EMBED_SWIFT_STANDARD_LIBRARIES = YES;
				BUNDLE_LOADER = "$(TEST_HOST)";
				DEVELOPMENT_TEAM = D8J2KWDHXR;
				INFOPLIST_FILE = "My First AppTests/Info.plist";
				LD_RUNPATH_SEARCH_PATHS = "$(inherited) @executable_path/Frameworks @loader_path/Frameworks";
				PRODUCT_BUNDLE_IDENTIFIER = "com.camiloalfonso.My-First-AppTests";
				PRODUCT_NAME = "$(TARGET_NAME)";
				SWIFT_VERSION = 3.0;
				TEST_HOST = "$(BUILT_PRODUCTS_DIR)/My First App.app/My First App";
			};
			name = Release;
		};
		9A77DE8F1F63175A00AC7FBD /* Debug */ = {
			isa = XCBuildConfiguration;
			buildSettings = {
				ALWAYS_EMBED_SWIFT_STANDARD_LIBRARIES = YES;
				DEVELOPMENT_TEAM = D8J2KWDHXR;
				INFOPLIST_FILE = "My First AppUITests/Info.plist";
				LD_RUNPATH_SEARCH_PATHS = "$(inherited) @executable_path/Frameworks @loader_path/Frameworks";
				PRODUCT_BUNDLE_IDENTIFIER = "com.camiloalfonso.My-First-AppUITests";
				PRODUCT_NAME = "$(TARGET_NAME)";
				SWIFT_VERSION = 3.0;
				TEST_TARGET_NAME = "My First App";
			};
			name = Debug;
		};
		9A77DE901F63175A00AC7FBD /* Release */ = {
			isa = XCBuildConfiguration;
			buildSettings = {
				ALWAYS_EMBED_SWIFT_STANDARD_LIBRARIES = YES;
				DEVELOPMENT_TEAM = D8J2KWDHXR;
				INFOPLIST_FILE = "My First AppUITests/Info.plist";
				LD_RUNPATH_SEARCH_PATHS = "$(inherited) @executable_path/Frameworks @loader_path/Frameworks";
				PRODUCT_BUNDLE_IDENTIFIER = "com.camiloalfonso.My-First-AppUITests";
				PRODUCT_NAME = "$(TARGET_NAME)";
				SWIFT_VERSION = 3.0;
				TEST_TARGET_NAME = "My First App";
			};
			name = Release;
		};
/* End XCBuildConfiguration section */

/* Begin XCConfigurationList section */
		9A77DE5B1F63175A00AC7FBD /* Build configuration list for PBXProject "My First App" */ = {
			isa = XCConfigurationList;
			buildConfigurations = (
				9A77DE861F63175A00AC7FBD /* Debug */,
				9A77DE871F63175A00AC7FBD /* Release */,
			);
			defaultConfigurationIsVisible = 0;
			defaultConfigurationName = Release;
		};
		9A77DE881F63175A00AC7FBD /* Build configuration list for PBXNativeTarget "My First App" */ = {
			isa = XCConfigurationList;
			buildConfigurations = (
				9A77DE891F63175A00AC7FBD /* Debug */,
				9A77DE8A1F63175A00AC7FBD /* Release */,
			);
			defaultConfigurationIsVisible = 0;
		};
		9A77DE8B1F63175A00AC7FBD /* Build configuration list for PBXNativeTarget "My First AppTests" */ = {
			isa = XCConfigurationList;
			buildConfigurations = (
				9A77DE8C1F63175A00AC7FBD /* Debug */,
				9A77DE8D1F63175A00AC7FBD /* Release */,
			);
			defaultConfigurationIsVisible = 0;
		};
		9A77DE8E1F63175A00AC7FBD /* Build configuration list for PBXNativeTarget "My First AppUITests" */ = {
			isa = XCConfigurationList;
			buildConfigurations = (
				9A77DE8F1F63175A00AC7FBD /* Debug */,
				9A77DE901F63175A00AC7FBD /* Release */,
			);
			defaultConfigurationIsVisible = 0;
		};
/* End XCConfigurationList section */
	};
	rootObject = 9A77DE581F63175A00AC7FBD /* Project object */;
}
